// !$*UTF8*$!
{
	archiveVersion = 1;
	classes = {
	};
	objectVersion = 77;
	objects = {

/* Begin PBXBuildFile section */
		1046552BD0783223DA800E80 /* Pods_KeyOgre.framework in Frameworks */ = {isa = PBXBuildFile; fileRef = 54135A110C0796549E3BD6DB /* Pods_KeyOgre.framework */; };
		57DE0B10DB64BDAE8D5E7E5D /* Pods_KeyOgreTests.framework in Frameworks */ = {isa = PBXBuildFile; fileRef = 12F31FD1C7D052326FB1AB32 /* Pods_KeyOgreTests.framework */; };
/* End PBXBuildFile section */

/* Begin PBXContainerItemProxy section */
		B3CE7AF22DFF3E20004A5A28 /* PBXContainerItemProxy */ = {
			isa = PBXContainerItemProxy;
			containerPortal = B3CE7ADB2DFF3E1F004A5A28 /* Project object */;
			proxyType = 1;
			remoteGlobalIDString = B3CE7AE22DFF3E1F004A5A28;
			remoteInfo = KeyOgre;
		};
		B3CE7AFC2DFF3E20004A5A28 /* PBXContainerItemProxy */ = {
			isa = PBXContainerItemProxy;
			containerPortal = B3CE7ADB2DFF3E1F004A5A28 /* Project object */;
			proxyType = 1;
			remoteGlobalIDString = B3CE7AE22DFF3E1F004A5A28;
			remoteInfo = KeyOgre;
		};
/* End PBXContainerItemProxy section */

/* Begin PBXFileReference section */
		12F31FD1C7D052326FB1AB32 /* Pods_KeyOgreTests.framework */ = {isa = PBXFileReference; explicitFileType = wrapper.framework; includeInIndex = 0; path = Pods_KeyOgreTests.framework; sourceTree = BUILT_PRODUCTS_DIR; };
		54135A110C0796549E3BD6DB /* Pods_KeyOgre.framework */ = {isa = PBXFileReference; explicitFileType = wrapper.framework; includeInIndex = 0; path = Pods_KeyOgre.framework; sourceTree = BUILT_PRODUCTS_DIR; };
		6E9492A0C66ABE59EF2883ED /* Pods-KeyOgreTests.debug.xcconfig */ = {isa = PBXFileReference; includeInIndex = 1; lastKnownFileType = text.xcconfig; name = "Pods-KeyOgreTests.debug.xcconfig"; path = "Target Support Files/Pods-KeyOgreTests/Pods-KeyOgreTests.debug.xcconfig"; sourceTree = "<group>"; };
		93B728D4058BE946AFA2E26A /* Pods-KeyOgre.debug.xcconfig */ = {isa = PBXFileReference; includeInIndex = 1; lastKnownFileType = text.xcconfig; name = "Pods-KeyOgre.debug.xcconfig"; path = "Target Support Files/Pods-KeyOgre/Pods-KeyOgre.debug.xcconfig"; sourceTree = "<group>"; };
		B3CE7AE32DFF3E1F004A5A28 /* KeyOgre.app */ = {isa = PBXFileReference; explicitFileType = wrapper.application; includeInIndex = 0; path = KeyOgre.app; sourceTree = BUILT_PRODUCTS_DIR; };
		B3CE7AF12DFF3E20004A5A28 /* KeyOgreTests.xctest */ = {isa = PBXFileReference; explicitFileType = wrapper.cfbundle; includeInIndex = 0; path = KeyOgreTests.xctest; sourceTree = BUILT_PRODUCTS_DIR; };
		B3CE7AFB2DFF3E20004A5A28 /* KeyOgreUITests.xctest */ = {isa = PBXFileReference; explicitFileType = wrapper.cfbundle; includeInIndex = 0; path = KeyOgreUITests.xctest; sourceTree = BUILT_PRODUCTS_DIR; };
		BC08347B3310B19E27D43073 /* Pods-KeyOgreTests.release.xcconfig */ = {isa = PBXFileReference; includeInIndex = 1; lastKnownFileType = text.xcconfig; name = "Pods-KeyOgreTests.release.xcconfig"; path = "Target Support Files/Pods-KeyOgreTests/Pods-KeyOgreTests.release.xcconfig"; sourceTree = "<group>"; };
		FFD6016537BE7C7CDE51115C /* Pods-KeyOgre.release.xcconfig */ = {isa = PBXFileReference; includeInIndex = 1; lastKnownFileType = text.xcconfig; name = "Pods-KeyOgre.release.xcconfig"; path = "Target Support Files/Pods-KeyOgre/Pods-KeyOgre.release.xcconfig"; sourceTree = "<group>"; };
/* End PBXFileReference section */

/* Begin PBXFileSystemSynchronizedRootGroup section */
		B3CE7AE52DFF3E1F004A5A28 /* KeyOgre */ = {
			isa = PBXFileSystemSynchronizedRootGroup;
			exceptions = (
			);
			path = KeyOgre;
			sourceTree = "<group>";
		};
		B3CE7AF42DFF3E20004A5A28 /* KeyOgreTests */ = {
			isa = PBXFileSystemSynchronizedRootGroup;
			exceptions = (
			);
			path = KeyOgreTests;
			sourceTree = "<group>";
		};
		B3CE7AFE2DFF3E20004A5A28 /* KeyOgreUITests */ = {
			isa = PBXFileSystemSynchronizedRootGroup;
			exceptions = (
			);
			path = KeyOgreUITests;
			sourceTree = "<group>";
		};
/* End PBXFileSystemSynchronizedRootGroup section */

/* Begin PBXFrameworksBuildPhase section */
		B3CE7AE02DFF3E1F004A5A28 /* Frameworks */ = {
			isa = PBXFrameworksBuildPhase;
			buildActionMask = 2147483647;
			files = (
				1046552BD0783223DA800E80 /* Pods_KeyOgre.framework in Frameworks */,
			);
			runOnlyForDeploymentPostprocessing = 0;
		};
		B3CE7AEE2DFF3E20004A5A28 /* Frameworks */ = {
			isa = PBXFrameworksBuildPhase;
			buildActionMask = 2147483647;
			files = (
				57DE0B10DB64BDAE8D5E7E5D /* Pods_KeyOgreTests.framework in Frameworks */,
			);
			runOnlyForDeploymentPostprocessing = 0;
		};
		B3CE7AF82DFF3E20004A5A28 /* Frameworks */ = {
			isa = PBXFrameworksBuildPhase;
			buildActionMask = 2147483647;
			files = (
			);
			runOnlyForDeploymentPostprocessing = 0;
		};
/* End PBXFrameworksBuildPhase section */

/* Begin PBXGroup section */
		2618A01CAC8396AA19931572 /* Frameworks */ = {
			isa = PBXGroup;
			children = (
				54135A110C0796549E3BD6DB /* Pods_KeyOgre.framework */,
				12F31FD1C7D052326FB1AB32 /* Pods_KeyOgreTests.framework */,
			);
			name = Frameworks;
			sourceTree = "<group>";
		};
		84E5D66C9938237CA8FCCD4B /* Pods */ = {
			isa = PBXGroup;
			children = (
				93B728D4058BE946AFA2E26A /* Pods-KeyOgre.debug.xcconfig */,
				FFD6016537BE7C7CDE51115C /* Pods-KeyOgre.release.xcconfig */,
				6E9492A0C66ABE59EF2883ED /* Pods-KeyOgreTests.debug.xcconfig */,
				BC08347B3310B19E27D43073 /* Pods-KeyOgreTests.release.xcconfig */,
			);
			path = Pods;
			sourceTree = "<group>";
		};
		B3CE7ADA2DFF3E1F004A5A28 = {
			isa = PBXGroup;
			children = (
				B3CE7AE52DFF3E1F004A5A28 /* KeyOgre */,
				B3CE7AF42DFF3E20004A5A28 /* KeyOgreTests */,
				B3CE7AFE2DFF3E20004A5A28 /* KeyOgreUITests */,
				B3CE7AE42DFF3E1F004A5A28 /* Products */,
				84E5D66C9938237CA8FCCD4B /* Pods */,
				2618A01CAC8396AA19931572 /* Frameworks */,
			);
			sourceTree = "<group>";
		};
		B3CE7AE42DFF3E1F004A5A28 /* Products */ = {
			isa = PBXGroup;
			children = (
				B3CE7AE32DFF3E1F004A5A28 /* KeyOgre.app */,
				B3CE7AF12DFF3E20004A5A28 /* KeyOgreTests.xctest */,
				B3CE7AFB2DFF3E20004A5A28 /* KeyOgreUITests.xctest */,
			);
			name = Products;
			sourceTree = "<group>";
		};
/* End PBXGroup section */

/* Begin PBXNativeTarget section */
		B3CE7AE22DFF3E1F004A5A28 /* KeyOgre */ = {
			isa = PBXNativeTarget;
			buildConfigurationList = B3CE7B052DFF3E20004A5A28 /* Build configuration list for PBXNativeTarget "KeyOgre" */;
			buildPhases = (
				05CC90F3FE083435383D5B8C /* [CP] Check Pods Manifest.lock */,
				B3CE7ADF2DFF3E1F004A5A28 /* Sources */,
				B3CE7AE02DFF3E1F004A5A28 /* Frameworks */,
				B3CE7AE12DFF3E1F004A5A28 /* Resources */,
				23AAE53C53D3D637FE807E7B /* [CP] Embed Pods Frameworks */,
			);
			buildRules = (
			);
			dependencies = (
			);
			fileSystemSynchronizedGroups = (
				B3CE7AE52DFF3E1F004A5A28 /* KeyOgre */,
			);
			name = KeyOgre;
			productName = KeyOgre;
			productReference = B3CE7AE32DFF3E1F004A5A28 /* KeyOgre.app */;
			productType = "com.apple.product-type.application";
		};
		B3CE7AF02DFF3E20004A5A28 /* KeyOgreTests */ = {
			isa = PBXNativeTarget;
			buildConfigurationList = B3CE7B082DFF3E20004A5A28 /* Build configuration list for PBXNativeTarget "KeyOgreTests" */;
			buildPhases = (
				3964F63FB51D6E33D1F4E280 /* [CP] Check Pods Manifest.lock */,
				B3CE7AED2DFF3E20004A5A28 /* Sources */,
				B3CE7AEE2DFF3E20004A5A28 /* Frameworks */,
				B3CE7AEF2DFF3E20004A5A28 /* Resources */,
			);
			buildRules = (
			);
			dependencies = (
				B3CE7AF32DFF3E20004A5A28 /* PBXTargetDependency */,
			);
			fileSystemSynchronizedGroups = (
				B3CE7AF42DFF3E20004A5A28 /* KeyOgreTests */,
			);
			name = KeyOgreTests;
			productName = KeyOgreTests;
			productReference = B3CE7AF12DFF3E20004A5A28 /* KeyOgreTests.xctest */;
			productType = "com.apple.product-type.bundle.unit-test";
		};
		B3CE7AFA2DFF3E20004A5A28 /* KeyOgreUITests */ = {
			isa = PBXNativeTarget;
			buildConfigurationList = B3CE7B0B2DFF3E20004A5A28 /* Build configuration list for PBXNativeTarget "KeyOgreUITests" */;
			buildPhases = (
				B3CE7AF72DFF3E20004A5A28 /* Sources */,
				B3CE7AF82DFF3E20004A5A28 /* Frameworks */,
				B3CE7AF92DFF3E20004A5A28 /* Resources */,
			);
			buildRules = (
			);
			dependencies = (
				B3CE7AFD2DFF3E20004A5A28 /* PBXTargetDependency */,
			);
			fileSystemSynchronizedGroups = (
				B3CE7AFE2DFF3E20004A5A28 /* KeyOgreUITests */,
			);
			name = KeyOgreUITests;
			productName = KeyOgreUITests;
			productReference = B3CE7AFB2DFF3E20004A5A28 /* KeyOgreUITests.xctest */;
			productType = "com.apple.product-type.bundle.ui-testing";
		};
/* End PBXNativeTarget section */

/* Begin PBXProject section */
		B3CE7ADB2DFF3E1F004A5A28 /* Project object */ = {
			isa = PBXProject;
			attributes = {
				BuildIndependentTargetsInParallel = 1;
				LastSwiftUpdateCheck = 1630;
				LastUpgradeCheck = 1630;
				TargetAttributes = {
					B3CE7AE22DFF3E1F004A5A28 = {
						CreatedOnToolsVersion = 16.3;
					};
					B3CE7AF02DFF3E20004A5A28 = {
						CreatedOnToolsVersion = 16.3;
						TestTargetID = B3CE7AE22DFF3E1F004A5A28;
					};
					B3CE7AFA2DFF3E20004A5A28 = {
						CreatedOnToolsVersion = 16.3;
						TestTargetID = B3CE7AE22DFF3E1F004A5A28;
					};
				};
			};
			buildConfigurationList = B3CE7ADE2DFF3E1F004A5A28 /* Build configuration list for PBXProject "KeyOgre" */;
			developmentRegion = en;
			hasScannedForEncodings = 0;
			knownRegions = (
				en,
				Base,
			);
			mainGroup = B3CE7ADA2DFF3E1F004A5A28;
			minimizedProjectReferenceProxies = 1;
			preferredProjectObjectVersion = 77;
			productRefGroup = B3CE7AE42DFF3E1F004A5A28 /* Products */;
			projectDirPath = "";
			projectRoot = "";
			targets = (
				B3CE7AE22DFF3E1F004A5A28 /* KeyOgre */,
				B3CE7AF02DFF3E20004A5A28 /* KeyOgreTests */,
				B3CE7AFA2DFF3E20004A5A28 /* KeyOgreUITests */,
			);
		};
/* End PBXProject section */

/* Begin PBXResourcesBuildPhase section */
		B3CE7AE12DFF3E1F004A5A28 /* Resources */ = {
			isa = PBXResourcesBuildPhase;
			buildActionMask = 2147483647;
			files = (
			);
			runOnlyForDeploymentPostprocessing = 0;
		};
		B3CE7AEF2DFF3E20004A5A28 /* Resources */ = {
			isa = PBXResourcesBuildPhase;
			buildActionMask = 2147483647;
			files = (
			);
			runOnlyForDeploymentPostprocessing = 0;
		};
		B3CE7AF92DFF3E20004A5A28 /* Resources */ = {
			isa = PBXResourcesBuildPhase;
			buildActionMask = 2147483647;
			files = (
			);
			runOnlyForDeploymentPostprocessing = 0;
		};
/* End PBXResourcesBuildPhase section */

/* Begin PBXShellScriptBuildPhase section */
		05CC90F3FE083435383D5B8C /* [CP] Check Pods Manifest.lock */ = {
			isa = PBXShellScriptBuildPhase;
			buildActionMask = 2147483647;
			files = (
			);
			inputFileListPaths = (
			);
			inputPaths = (
				"${PODS_PODFILE_DIR_PATH}/Podfile.lock",
				"${PODS_ROOT}/Manifest.lock",
			);
			name = "[CP] Check Pods Manifest.lock";
			outputFileListPaths = (
			);
			outputPaths = (
				"$(DERIVED_FILE_DIR)/Pods-KeyOgre-checkManifestLockResult.txt",
			);
			runOnlyForDeploymentPostprocessing = 0;
			shellPath = /bin/sh;
			shellScript = "diff \"${PODS_PODFILE_DIR_PATH}/Podfile.lock\" \"${PODS_ROOT}/Manifest.lock\" > /dev/null\nif [ $? != 0 ] ; then\n    # print error to STDERR\n    echo \"error: The sandbox is not in sync with the Podfile.lock. Run 'pod install' or update your CocoaPods installation.\" >&2\n    exit 1\nfi\n# This output is used by Xcode 'outputs' to avoid re-running this script phase.\necho \"SUCCESS\" > \"${SCRIPT_OUTPUT_FILE_0}\"\n";
			showEnvVarsInLog = 0;
		};
		23AAE53C53D3D637FE807E7B /* [CP] Embed Pods Frameworks */ = {
			isa = PBXShellScriptBuildPhase;
			buildActionMask = 2147483647;
			files = (
			);
			inputFileListPaths = (
				"${PODS_ROOT}/Target Support Files/Pods-KeyOgre/Pods-KeyOgre-frameworks-${CONFIGURATION}-input-files.xcfilelist",
			);
			name = "[CP] Embed Pods Frameworks";
			outputFileListPaths = (
				"${PODS_ROOT}/Target Support Files/Pods-KeyOgre/Pods-KeyOgre-frameworks-${CONFIGURATION}-output-files.xcfilelist",
			);
			runOnlyForDeploymentPostprocessing = 0;
			shellPath = /bin/sh;
			shellScript = "\"${PODS_ROOT}/Target Support Files/Pods-KeyOgre/Pods-KeyOgre-frameworks.sh\"\n";
			showEnvVarsInLog = 0;
		};
		3964F63FB51D6E33D1F4E280 /* [CP] Check Pods Manifest.lock */ = {
			isa = PBXShellScriptBuildPhase;
			buildActionMask = 2147483647;
			files = (
			);
			inputFileListPaths = (
			);
			inputPaths = (
				"${PODS_PODFILE_DIR_PATH}/Podfile.lock",
				"${PODS_ROOT}/Manifest.lock",
			);
			name = "[CP] Check Pods Manifest.lock";
			outputFileListPaths = (
			);
			outputPaths = (
				"$(DERIVED_FILE_DIR)/Pods-KeyOgreTests-checkManifestLockResult.txt",
			);
			runOnlyForDeploymentPostprocessing = 0;
			shellPath = /bin/sh;
			shellScript = "diff \"${PODS_PODFILE_DIR_PATH}/Podfile.lock\" \"${PODS_ROOT}/Manifest.lock\" > /dev/null\nif [ $? != 0 ] ; then\n    # print error to STDERR\n    echo \"error: The sandbox is not in sync with the Podfile.lock. Run 'pod install' or update your CocoaPods installation.\" >&2\n    exit 1\nfi\n# This output is used by Xcode 'outputs' to avoid re-running this script phase.\necho \"SUCCESS\" > \"${SCRIPT_OUTPUT_FILE_0}\"\n";
			showEnvVarsInLog = 0;
		};
/* End PBXShellScriptBuildPhase section */

/* Begin PBXSourcesBuildPhase section */
		B3CE7ADF2DFF3E1F004A5A28 /* Sources */ = {
			isa = PBXSourcesBuildPhase;
			buildActionMask = 2147483647;
			files = (
			);
			runOnlyForDeploymentPostprocessing = 0;
		};
		B3CE7AED2DFF3E20004A5A28 /* Sources */ = {
			isa = PBXSourcesBuildPhase;
			buildActionMask = 2147483647;
			files = (
			);
			runOnlyForDeploymentPostprocessing = 0;
		};
		B3CE7AF72DFF3E20004A5A28 /* Sources */ = {
			isa = PBXSourcesBuildPhase;
			buildActionMask = 2147483647;
			files = (
			);
			runOnlyForDeploymentPostprocessing = 0;
		};
/* End PBXSourcesBuildPhase section */

/* Begin PBXTargetDependency section */
		B3CE7AF32DFF3E20004A5A28 /* PBXTargetDependency */ = {
			isa = PBXTargetDependency;
			target = B3CE7AE22DFF3E1F004A5A28 /* KeyOgre */;
			targetProxy = B3CE7AF22DFF3E20004A5A28 /* PBXContainerItemProxy */;
		};
		B3CE7AFD2DFF3E20004A5A28 /* PBXTargetDependency */ = {
			isa = PBXTargetDependency;
			target = B3CE7AE22DFF3E1F004A5A28 /* KeyOgre */;
			targetProxy = B3CE7AFC2DFF3E20004A5A28 /* PBXContainerItemProxy */;
		};
/* End PBXTargetDependency section */

/* Begin XCBuildConfiguration section */
		B3CE7B032DFF3E20004A5A28 /* Debug */ = {
			isa = XCBuildConfiguration;
			buildSettings = {
				ALWAYS_SEARCH_USER_PATHS = NO;
				ASSETCATALOG_COMPILER_GENERATE_SWIFT_ASSET_SYMBOL_EXTENSIONS = YES;
				CLANG_ANALYZER_NONNULL = YES;
				CLANG_ANALYZER_NUMBER_OBJECT_CONVERSION = YES_AGGRESSIVE;
				CLANG_CXX_LANGUAGE_STANDARD = "gnu++20";
				CLANG_ENABLE_MODULES = YES;
				CLANG_ENABLE_OBJC_ARC = YES;
				CLANG_ENABLE_OBJC_WEAK = YES;
				CLANG_WARN_BLOCK_CAPTURE_AUTORELEASING = YES;
				CLANG_WARN_BOOL_CONVERSION = YES;
				CLANG_WARN_COMMA = YES;
				CLANG_WARN_CONSTANT_CONVERSION = YES;
				CLANG_WARN_DEPRECATED_OBJC_IMPLEMENTATIONS = YES;
				CLANG_WARN_DIRECT_OBJC_ISA_USAGE = YES_ERROR;
				CLANG_WARN_DOCUMENTATION_COMMENTS = YES;
				CLANG_WARN_EMPTY_BODY = YES;
				CLANG_WARN_ENUM_CONVERSION = YES;
				CLANG_WARN_INFINITE_RECURSION = YES;
				CLANG_WARN_INT_CONVERSION = YES;
				CLANG_WARN_NON_LITERAL_NULL_CONVERSION = YES;
				CLANG_WARN_OBJC_IMPLICIT_RETAIN_SELF = YES;
				CLANG_WARN_OBJC_LITERAL_CONVERSION = YES;
				CLANG_WARN_OBJC_ROOT_CLASS = YES_ERROR;
				CLANG_WARN_QUOTED_INCLUDE_IN_FRAMEWORK_HEADER = YES;
				CLANG_WARN_RANGE_LOOP_ANALYSIS = YES;
				CLANG_WARN_STRICT_PROTOTYPES = YES;
				CLANG_WARN_SUSPICIOUS_MOVE = YES;
				CLANG_WARN_UNGUARDED_AVAILABILITY = YES_AGGRESSIVE;
				CLANG_WARN_UNREACHABLE_CODE = YES;
				CLANG_WARN__DUPLICATE_METHOD_MATCH = YES;
				COPY_PHASE_STRIP = NO;
				DEBUG_INFORMATION_FORMAT = dwarf;
				ENABLE_STRICT_OBJC_MSGSEND = YES;
				ENABLE_TESTABILITY = YES;
				ENABLE_USER_SCRIPT_SANDBOXING = NO;
				GCC_C_LANGUAGE_STANDARD = gnu17;
				GCC_DYNAMIC_NO_PIC = NO;
				GCC_NO_COMMON_BLOCKS = YES;
				GCC_OPTIMIZATION_LEVEL = 0;
				GCC_PREPROCESSOR_DEFINITIONS = (
					"DEBUG=1",
					"$(inherited)",
				);
				GCC_WARN_64_TO_32_BIT_CONVERSION = YES;
				GCC_WARN_ABOUT_RETURN_TYPE = YES_ERROR;
				GCC_WARN_UNDECLARED_SELECTOR = YES;
				GCC_WARN_UNINITIALIZED_AUTOS = YES_AGGRESSIVE;
				GCC_WARN_UNUSED_FUNCTION = YES;
				GCC_WARN_UNUSED_VARIABLE = YES;
				LOCALIZATION_PREFERS_STRING_CATALOGS = YES;
				MACOSX_DEPLOYMENT_TARGET = 15.2;
				MTL_ENABLE_DEBUG_INFO = INCLUDE_SOURCE;
				MTL_FAST_MATH = YES;
				ONLY_ACTIVE_ARCH = YES;
				SDKROOT = macosx;
				SWIFT_ACTIVE_COMPILATION_CONDITIONS = "DEBUG $(inherited)";
				SWIFT_OPTIMIZATION_LEVEL = "-Onone";
			};
			name = Debug;
		};
		B3CE7B042DFF3E20004A5A28 /* Release */ = {
			isa = XCBuildConfiguration;
			buildSettings = {
				ALWAYS_SEARCH_USER_PATHS = NO;
				ASSETCATALOG_COMPILER_GENERATE_SWIFT_ASSET_SYMBOL_EXTENSIONS = YES;
				CLANG_ANALYZER_NONNULL = YES;
				CLANG_ANALYZER_NUMBER_OBJECT_CONVERSION = YES_AGGRESSIVE;
				CLANG_CXX_LANGUAGE_STANDARD = "gnu++20";
				CLANG_ENABLE_MODULES = YES;
				CLANG_ENABLE_OBJC_ARC = YES;
				CLANG_ENABLE_OBJC_WEAK = YES;
				CLANG_WARN_BLOCK_CAPTURE_AUTORELEASING = YES;
				CLANG_WARN_BOOL_CONVERSION = YES;
				CLANG_WARN_COMMA = YES;
				CLANG_WARN_CONSTANT_CONVERSION = YES;
				CLANG_WARN_DEPRECATED_OBJC_IMPLEMENTATIONS = YES;
				CLANG_WARN_DIRECT_OBJC_ISA_USAGE = YES_ERROR;
				CLANG_WARN_DOCUMENTATION_COMMENTS = YES;
				CLANG_WARN_EMPTY_BODY = YES;
				CLANG_WARN_ENUM_CONVERSION = YES;
				CLANG_WARN_INFINITE_RECURSION = YES;
				CLANG_WARN_INT_CONVERSION = YES;
				CLANG_WARN_NON_LITERAL_NULL_CONVERSION = YES;
				CLANG_WARN_OBJC_IMPLICIT_RETAIN_SELF = YES;
				CLANG_WARN_OBJC_LITERAL_CONVERSION = YES;
				CLANG_WARN_OBJC_ROOT_CLASS = YES_ERROR;
				CLANG_WARN_QUOTED_INCLUDE_IN_FRAMEWORK_HEADER = YES;
				CLANG_WARN_RANGE_LOOP_ANALYSIS = YES;
				CLANG_WARN_STRICT_PROTOTYPES = YES;
				CLANG_WARN_SUSPICIOUS_MOVE = YES;
				CLANG_WARN_UNGUARDED_AVAILABILITY = YES_AGGRESSIVE;
				CLANG_WARN_UNREACHABLE_CODE = YES;
				CLANG_WARN__DUPLICATE_METHOD_MATCH = YES;
				COPY_PHASE_STRIP = NO;
				DEBUG_INFORMATION_FORMAT = "dwarf-with-dsym";
				ENABLE_NS_ASSERTIONS = NO;
				ENABLE_STRICT_OBJC_MSGSEND = YES;
				ENABLE_USER_SCRIPT_SANDBOXING = NO;
				GCC_C_LANGUAGE_STANDARD = gnu17;
				GCC_NO_COMMON_BLOCKS = YES;
				GCC_WARN_64_TO_32_BIT_CONVERSION = YES;
				GCC_WARN_ABOUT_RETURN_TYPE = YES_ERROR;
				GCC_WARN_UNDECLARED_SELECTOR = YES;
				GCC_WARN_UNINITIALIZED_AUTOS = YES_AGGRESSIVE;
				GCC_WARN_UNUSED_FUNCTION = YES;
				GCC_WARN_UNUSED_VARIABLE = YES;
				LOCALIZATION_PREFERS_STRING_CATALOGS = YES;
				MACOSX_DEPLOYMENT_TARGET = 15.2;
				MTL_ENABLE_DEBUG_INFO = NO;
				MTL_FAST_MATH = YES;
				SDKROOT = macosx;
				SWIFT_COMPILATION_MODE = wholemodule;
			};
			name = Release;
		};
		B3CE7B062DFF3E20004A5A28 /* Debug */ = {
			isa = XCBuildConfiguration;
			baseConfigurationReference = 93B728D4058BE946AFA2E26A /* Pods-KeyOgre.debug.xcconfig */;
			buildSettings = {
				ASSETCATALOG_COMPILER_APPICON_NAME = AppIcon;
				ASSETCATALOG_COMPILER_GLOBAL_ACCENT_COLOR_NAME = AccentColor;
				CODE_SIGN_ENTITLEMENTS = KeyOgre/KeyOgre.entitlements;
				"CODE_SIGN_IDENTITY[sdk=macosx*]" = "-";
				CODE_SIGN_STYLE = Automatic;
				COMBINE_HIDPI_IMAGES = YES;
				CURRENT_PROJECT_VERSION = 1;
				ENABLE_PREVIEWS = YES;
				GENERATE_INFOPLIST_FILE = YES;
				INFOPLIST_KEY_NSHumanReadableCopyright = "";
				LD_RUNPATH_SEARCH_PATHS = (
					"$(inherited)",
					"@executable_path/../Frameworks",
				);
				MARKETING_VERSION = 1.0;
				PRODUCT_BUNDLE_IDENTIFIER = com.phulsechinmay.KeyOgre;
				PRODUCT_NAME = "$(TARGET_NAME)";
				REGISTER_APP_GROUPS = YES;
				SWIFT_EMIT_LOC_STRINGS = YES;
				SWIFT_VERSION = 5.0;
			};
			name = Debug;
		};
		B3CE7B072DFF3E20004A5A28 /* Release */ = {
			isa = XCBuildConfiguration;
			baseConfigurationReference = FFD6016537BE7C7CDE51115C /* Pods-KeyOgre.release.xcconfig */;
			buildSettings = {
				ASSETCATALOG_COMPILER_APPICON_NAME = AppIcon;
				ASSETCATALOG_COMPILER_GLOBAL_ACCENT_COLOR_NAME = AccentColor;
				CODE_SIGN_ENTITLEMENTS = KeyOgre/KeyOgre.entitlements;
				"CODE_SIGN_IDENTITY[sdk=macosx*]" = "-";
				CODE_SIGN_STYLE = Automatic;
				COMBINE_HIDPI_IMAGES = YES;
				CURRENT_PROJECT_VERSION = 1;
				ENABLE_PREVIEWS = YES;
				GENERATE_INFOPLIST_FILE = YES;
				INFOPLIST_KEY_NSHumanReadableCopyright = "";
				LD_RUNPATH_SEARCH_PATHS = (
					"$(inherited)",
					"@executable_path/../Frameworks",
				);
				MARKETING_VERSION = 1.0;
				PRODUCT_BUNDLE_IDENTIFIER = com.phulsechinmay.KeyOgre;
				PRODUCT_NAME = "$(TARGET_NAME)";
				REGISTER_APP_GROUPS = YES;
				SWIFT_EMIT_LOC_STRINGS = YES;
				SWIFT_VERSION = 5.0;
			};
			name = Release;
		};
		B3CE7B092DFF3E20004A5A28 /* Debug */ = {
			isa = XCBuildConfiguration;
			baseConfigurationReference = 6E9492A0C66ABE59EF2883ED /* Pods-KeyOgreTests.debug.xcconfig */;
			buildSettings = {
				BUNDLE_LOADER = "$(TEST_HOST)";
				CODE_SIGN_STYLE = Automatic;
				CURRENT_PROJECT_VERSION = 1;
				GENERATE_INFOPLIST_FILE = YES;
				MACOSX_DEPLOYMENT_TARGET = 15.2;
				MARKETING_VERSION = 1.0;
				PRODUCT_BUNDLE_IDENTIFIER = com.phulsechinmay.KeyOgreTests;
				PRODUCT_NAME = "$(TARGET_NAME)";
				SWIFT_EMIT_LOC_STRINGS = NO;
				SWIFT_VERSION = 5.0;
				TEST_HOST = "$(BUILT_PRODUCTS_DIR)/KeyOgre.app/$(BUNDLE_EXECUTABLE_FOLDER_PATH)/KeyOgre";
			};
			name = Debug;
		};
		B3CE7B0A2DFF3E20004A5A28 /* Release */ = {
			isa = XCBuildConfiguration;
			baseConfigurationReference = BC08347B3310B19E27D43073 /* Pods-KeyOgreTests.release.xcconfig */;
			buildSettings = {
				BUNDLE_LOADER = "$(TEST_HOST)";
				CODE_SIGN_STYLE = Automatic;
				CURRENT_PROJECT_VERSION = 1;
				GENERATE_INFOPLIST_FILE = YES;
				MACOSX_DEPLOYMENT_TARGET = 15.2;
				MARKETING_VERSION = 1.0;
				PRODUCT_BUNDLE_IDENTIFIER = com.phulsechinmay.KeyOgreTests;
				PRODUCT_NAME = "$(TARGET_NAME)";
				SWIFT_EMIT_LOC_STRINGS = NO;
				SWIFT_VERSION = 5.0;
				TEST_HOST = "$(BUILT_PRODUCTS_DIR)/KeyOgre.app/$(BUNDLE_EXECUTABLE_FOLDER_PATH)/KeyOgre";
			};
			name = Release;
		};
		B3CE7B0C2DFF3E20004A5A28 /* Debug */ = {
			isa = XCBuildConfiguration;
			buildSettings = {
				CODE_SIGN_STYLE = Automatic;
				CURRENT_PROJECT_VERSION = 1;
				GENERATE_INFOPLIST_FILE = YES;
				MARKETING_VERSION = 1.0;
				PRODUCT_BUNDLE_IDENTIFIER = com.phulsechinmay.KeyOgreUITests;
				PRODUCT_NAME = "$(TARGET_NAME)";
				SWIFT_EMIT_LOC_STRINGS = NO;
				SWIFT_VERSION = 5.0;
				TEST_TARGET_NAME = KeyOgre;
			};
			name = Debug;
		};
		B3CE7B0D2DFF3E20004A5A28 /* Release */ = {
			isa = XCBuildConfiguration;
			buildSettings = {
				CODE_SIGN_STYLE = Automatic;
				CURRENT_PROJECT_VERSION = 1;
				GENERATE_INFOPLIST_FILE = YES;
				MARKETING_VERSION = 1.0;
				PRODUCT_BUNDLE_IDENTIFIER = com.phulsechinmay.KeyOgreUITests;
				PRODUCT_NAME = "$(TARGET_NAME)";
				SWIFT_EMIT_LOC_STRINGS = NO;
				SWIFT_VERSION = 5.0;
				TEST_TARGET_NAME = KeyOgre;
			};
			name = Release;
		};
/* End XCBuildConfiguration section */

/* Begin XCConfigurationList section */
		B3CE7ADE2DFF3E1F004A5A28 /* Build configuration list for PBXProject "KeyOgre" */ = {
			isa = XCConfigurationList;
			buildConfigurations = (
				B3CE7B032DFF3E20004A5A28 /* Debug */,
				B3CE7B042DFF3E20004A5A28 /* Release */,
			);
			defaultConfigurationIsVisible = 0;
			defaultConfigurationName = Release;
		};
		B3CE7B052DFF3E20004A5A28 /* Build configuration list for PBXNativeTarget "KeyOgre" */ = {
			isa = XCConfigurationList;
			buildConfigurations = (
				B3CE7B062DFF3E20004A5A28 /* Debug */,
				B3CE7B072DFF3E20004A5A28 /* Release */,
			);
			defaultConfigurationIsVisible = 0;
			defaultConfigurationName = Release;
		};
		B3CE7B082DFF3E20004A5A28 /* Build configuration list for PBXNativeTarget "KeyOgreTests" */ = {
			isa = XCConfigurationList;
			buildConfigurations = (
				B3CE7B092DFF3E20004A5A28 /* Debug */,
				B3CE7B0A2DFF3E20004A5A28 /* Release */,
			);
			defaultConfigurationIsVisible = 0;
			defaultConfigurationName = Release;
		};
		B3CE7B0B2DFF3E20004A5A28 /* Build configuration list for PBXNativeTarget "KeyOgreUITests" */ = {
			isa = XCConfigurationList;
			buildConfigurations = (
				B3CE7B0C2DFF3E20004A5A28 /* Debug */,
				B3CE7B0D2DFF3E20004A5A28 /* Release */,
			);
			defaultConfigurationIsVisible = 0;
			defaultConfigurationName = Release;
		};
/* End XCConfigurationList section */
	};
	rootObject = B3CE7ADB2DFF3E1F004A5A28 /* Project object */;
}
